
Microsoft Visual Studio Solution File, Format Version 12.00
# Visual Studio Version 17
VisualStudioVersion = 17.0.31919.166
MinimumVisualStudioVersion = 10.0.40219.1
Project("{FAE04EC0-301F-11D3-BF4B-00C04F79EFBC}") = "CorrectifProductListSignalR", "CorrectifProductListSignalR\CorrectifProductListSignalR.csproj", "{1704E683-9960-4637-8EEC-E982A8F58669}"
EndProject
Global
	GlobalSection(SolutionConfigurationPlatforms) = preSolution
		Debug|Any CPU = Debug|Any CPU
		Release|Any CPU = Release|Any CPU
	EndGlobalSection
	GlobalSection(ProjectConfigurationPlatforms) = postSolution
		{1704E683-9960-4637-8EEC-E982A8F58669}.Debug|Any CPU.ActiveCfg = Debug|Any CPU
		{1704E683-9960-4637-8EEC-E982A8F58669}.Debug|Any CPU.Build.0 = Debug|Any CPU
		{1704E683-9960-4637-8EEC-E982A8F58669}.Release|Any CPU.ActiveCfg = Release|Any CPU
		{1704E683-9960-4637-8EEC-E982A8F58669}.Release|Any CPU.Build.0 = Release|Any CPU
	EndGlobalSection
	GlobalSection(SolutionProperties) = preSolution
		HideSolutionNode = FALSE
	EndGlobalSection
	GlobalSection(ExtensibilityGlobals) = postSolution
		SolutionGuid = {E8D2BE43-D34F-4002-89B2-FC991BA8F3EE}
	EndGlobalSection
EndGlobal
